
Microsoft Visual Studio Solution File, Format Version 12.00
# Visual Studio Version 16
VisualStudioVersion = 16.0.29709.97
MinimumVisualStudioVersion = 10.0.40219.1
Project("{FAE04EC0-301F-11D3-BF4B-00C04F79EFBC}") = "FeesPackage", "FeesPackage\FeesPackage.csproj", "{B0E0839B-A1BE-4009-AFD6-22552D38C81F}"
EndProject
Global
	GlobalSection(SolutionConfigurationPlatforms) = preSolution
		Debug|Any CPU = Debug|Any CPU
		Release|Any CPU = Release|Any CPU
	EndGlobalSection
	GlobalSection(ProjectConfigurationPlatforms) = postSolution
		{B0E0839B-A1BE-4009-AFD6-22552D38C81F}.Debug|Any CPU.ActiveCfg = Debug|Any CPU
		{B0E0839B-A1BE-4009-AFD6-22552D38C81F}.Debug|Any CPU.Build.0 = Debug|Any CPU
		{B0E0839B-A1BE-4009-AFD6-22552D38C81F}.Release|Any CPU.ActiveCfg = Release|Any CPU
		{B0E0839B-A1BE-4009-AFD6-22552D38C81F}.Release|Any CPU.Build.0 = Release|Any CPU
	EndGlobalSection
	GlobalSection(SolutionProperties) = preSolution
		HideSolutionNode = FALSE
	EndGlobalSection
	GlobalSection(ExtensibilityGlobals) = postSolution
		SolutionGuid = {93F86193-477B-41CD-951F-C7F98B8E307F}
	EndGlobalSection
EndGlobal
